// !$*UTF8*$!
{
	archiveVersion = 1;
	classes = {
	};
	objectVersion = 56;
	objects = {

/* Begin PBXBuildFile section */
		AD6237D32A989DB40027BB50 /* AppDelegate.swift in Sources */ = {isa = PBXBuildFile; fileRef = AD6237D22A989DB40027BB50 /* AppDelegate.swift */; };
		AD6237D52A989DB40027BB50 /* SceneDelegate.swift in Sources */ = {isa = PBXBuildFile; fileRef = AD6237D42A989DB40027BB50 /* SceneDelegate.swift */; };
		AD6237DA2A989DB40027BB50 /* Main.storyboard in Resources */ = {isa = PBXBuildFile; fileRef = AD6237D82A989DB40027BB50 /* Main.storyboard */; };
		AD6237DC2A989DB50027BB50 /* Assets.xcassets in Resources */ = {isa = PBXBuildFile; fileRef = AD6237DB2A989DB50027BB50 /* Assets.xcassets */; };
		AD6237DF2A989DB50027BB50 /* LaunchScreen.storyboard in Resources */ = {isa = PBXBuildFile; fileRef = AD6237DD2A989DB50027BB50 /* LaunchScreen.storyboard */; };
		AD6237E72A989DE40027BB50 /* Onboarding Slide.swift in Sources */ = {isa = PBXBuildFile; fileRef = AD6237E62A989DE40027BB50 /* Onboarding Slide.swift */; };
		AD6237EB2A989DF70027BB50 /* OnboardingSlideDataManager.swift in Sources */ = {isa = PBXBuildFile; fileRef = AD6237E92A989DF70027BB50 /* OnboardingSlideDataManager.swift */; };
		AD6237EC2A989DF70027BB50 /* Colors.swift in Sources */ = {isa = PBXBuildFile; fileRef = AD6237EA2A989DF70027BB50 /* Colors.swift */; };
		AD6237EF2A989DFF0027BB50 /* OnboardingCollectionViewCell.swift in Sources */ = {isa = PBXBuildFile; fileRef = AD6237EE2A989DFF0027BB50 /* OnboardingCollectionViewCell.swift */; };
		AD6237F22A989E130027BB50 /* UIViewController.swift in Sources */ = {isa = PBXBuildFile; fileRef = AD6237F12A989E130027BB50 /* UIViewController.swift */; };
		AD6237F72A989E340027BB50 /* ViewController.swift in Sources */ = {isa = PBXBuildFile; fileRef = AD6237F42A989E340027BB50 /* ViewController.swift */; };
		AD6237F82A989E340027BB50 /* OnboardingViewController.swift in Sources */ = {isa = PBXBuildFile; fileRef = AD6237F52A989E340027BB50 /* OnboardingViewController.swift */; };
		AD6237F92A989E340027BB50 /* SettingsViewController.swift in Sources */ = {isa = PBXBuildFile; fileRef = AD6237F62A989E340027BB50 /* SettingsViewController.swift */; };
/* End PBXBuildFile section */

/* Begin PBXFileReference section */
		AD6237CF2A989DB40027BB50 /* Show Art.app */ = {isa = PBXFileReference; explicitFileType = wrapper.application; includeInIndex = 0; path = "Show Art.app"; sourceTree = BUILT_PRODUCTS_DIR; };
		AD6237D22A989DB40027BB50 /* AppDelegate.swift */ = {isa = PBXFileReference; lastKnownFileType = sourcecode.swift; path = AppDelegate.swift; sourceTree = "<group>"; };
		AD6237D42A989DB40027BB50 /* SceneDelegate.swift */ = {isa = PBXFileReference; lastKnownFileType = sourcecode.swift; path = SceneDelegate.swift; sourceTree = "<group>"; };
		AD6237D92A989DB40027BB50 /* Base */ = {isa = PBXFileReference; lastKnownFileType = file.storyboard; name = Base; path = Base.lproj/Main.storyboard; sourceTree = "<group>"; };
		AD6237DB2A989DB50027BB50 /* Assets.xcassets */ = {isa = PBXFileReference; lastKnownFileType = folder.assetcatalog; path = Assets.xcassets; sourceTree = "<group>"; };
		AD6237DE2A989DB50027BB50 /* Base */ = {isa = PBXFileReference; lastKnownFileType = file.storyboard; name = Base; path = Base.lproj/LaunchScreen.storyboard; sourceTree = "<group>"; };
		AD6237E02A989DB50027BB50 /* Info.plist */ = {isa = PBXFileReference; lastKnownFileType = text.plist.xml; path = Info.plist; sourceTree = "<group>"; };
		AD6237E62A989DE40027BB50 /* Onboarding Slide.swift */ = {isa = PBXFileReference; fileEncoding = 4; lastKnownFileType = sourcecode.swift; path = "Onboarding Slide.swift"; sourceTree = "<group>"; };
		AD6237E92A989DF70027BB50 /* OnboardingSlideDataManager.swift */ = {isa = PBXFileReference; fileEncoding = 4; lastKnownFileType = sourcecode.swift; path = OnboardingSlideDataManager.swift; sourceTree = "<group>"; };
		AD6237EA2A989DF70027BB50 /* Colors.swift */ = {isa = PBXFileReference; fileEncoding = 4; lastKnownFileType = sourcecode.swift; path = Colors.swift; sourceTree = "<group>"; };
		AD6237EE2A989DFF0027BB50 /* OnboardingCollectionViewCell.swift */ = {isa = PBXFileReference; fileEncoding = 4; lastKnownFileType = sourcecode.swift; path = OnboardingCollectionViewCell.swift; sourceTree = "<group>"; };
		AD6237F12A989E130027BB50 /* UIViewController.swift */ = {isa = PBXFileReference; fileEncoding = 4; lastKnownFileType = sourcecode.swift; path = UIViewController.swift; sourceTree = "<group>"; };
		AD6237F42A989E340027BB50 /* ViewController.swift */ = {isa = PBXFileReference; fileEncoding = 4; lastKnownFileType = sourcecode.swift; path = ViewController.swift; sourceTree = "<group>"; };
		AD6237F52A989E340027BB50 /* OnboardingViewController.swift */ = {isa = PBXFileReference; fileEncoding = 4; lastKnownFileType = sourcecode.swift; path = OnboardingViewController.swift; sourceTree = "<group>"; };
		AD6237F62A989E340027BB50 /* SettingsViewController.swift */ = {isa = PBXFileReference; fileEncoding = 4; lastKnownFileType = sourcecode.swift; path = SettingsViewController.swift; sourceTree = "<group>"; };
/* End PBXFileReference section */

/* Begin PBXFrameworksBuildPhase section */
		AD6237CC2A989DB40027BB50 /* Frameworks */ = {
			isa = PBXFrameworksBuildPhase;
			buildActionMask = 2147483647;
			files = (
			);
			runOnlyForDeploymentPostprocessing = 0;
		};
/* End PBXFrameworksBuildPhase section */

/* Begin PBXGroup section */
		AD6237C62A989DB40027BB50 = {
			isa = PBXGroup;
			children = (
				AD6237D12A989DB40027BB50 /* Show Art */,
				AD6237F32A989E340027BB50 /* ViewControllers */,
				AD6237F02A989E130027BB50 /* Extensions */,
				AD6237ED2A989DFF0027BB50 /* CollectionViewCells */,
				AD6237D02A989DB40027BB50 /* Products */,
			);
			sourceTree = "<group>";
		};
		AD6237D02A989DB40027BB50 /* Products */ = {
			isa = PBXGroup;
			children = (
				AD6237CF2A989DB40027BB50 /* Show Art.app */,
			);
			name = Products;
			sourceTree = "<group>";
		};
		AD6237D12A989DB40027BB50 /* Show Art */ = {
			isa = PBXGroup;
			children = (
				AD6237D22A989DB40027BB50 /* AppDelegate.swift */,
				AD6237D42A989DB40027BB50 /* SceneDelegate.swift */,
				AD6237D82A989DB40027BB50 /* Main.storyboard */,
				AD6237DB2A989DB50027BB50 /* Assets.xcassets */,
				AD6237DD2A989DB50027BB50 /* LaunchScreen.storyboard */,
				AD6237E02A989DB50027BB50 /* Info.plist */,
				AD6237E62A989DE40027BB50 /* Onboarding Slide.swift */,
				AD6237E82A989DF70027BB50 /* Services */,
			);
			path = "Show Art";
			sourceTree = "<group>";
		};
		AD6237E82A989DF70027BB50 /* Services */ = {
			isa = PBXGroup;
			children = (
				AD6237E92A989DF70027BB50 /* OnboardingSlideDataManager.swift */,
				AD6237EA2A989DF70027BB50 /* Colors.swift */,
			);
			path = Services;
			sourceTree = "<group>";
		};
		AD6237ED2A989DFF0027BB50 /* CollectionViewCells */ = {
			isa = PBXGroup;
			children = (
				AD6237EE2A989DFF0027BB50 /* OnboardingCollectionViewCell.swift */,
			);
			path = CollectionViewCells;
			sourceTree = "<group>";
		};
		AD6237F02A989E130027BB50 /* Extensions */ = {
			isa = PBXGroup;
			children = (
				AD6237F12A989E130027BB50 /* UIViewController.swift */,
			);
			path = Extensions;
			sourceTree = "<group>";
		};
		AD6237F32A989E340027BB50 /* ViewControllers */ = {
			isa = PBXGroup;
			children = (
				AD6237F42A989E340027BB50 /* ViewController.swift */,
				AD6237F52A989E340027BB50 /* OnboardingViewController.swift */,
				AD6237F62A989E340027BB50 /* SettingsViewController.swift */,
			);
			path = ViewControllers;
			sourceTree = "<group>";
		};
/* End PBXGroup section */

/* Begin PBXNativeTarget section */
		AD6237CE2A989DB40027BB50 /* Show Art */ = {
			isa = PBXNativeTarget;
			buildConfigurationList = AD6237E32A989DB50027BB50 /* Build configuration list for PBXNativeTarget "Show Art" */;
			buildPhases = (
				AD6237CB2A989DB40027BB50 /* Sources */,
				AD6237CC2A989DB40027BB50 /* Frameworks */,
				AD6237CD2A989DB40027BB50 /* Resources */,
			);
			buildRules = (
			);
			dependencies = (
			);
			name = "Show Art";
			productName = "Show Art";
			productReference = AD6237CF2A989DB40027BB50 /* Show Art.app */;
			productType = "com.apple.product-type.application";
		};
/* End PBXNativeTarget section */

/* Begin PBXProject section */
		AD6237C72A989DB40027BB50 /* Project object */ = {
			isa = PBXProject;
			attributes = {
				BuildIndependentTargetsInParallel = 1;
				LastSwiftUpdateCheck = 1430;
				LastUpgradeCheck = 1430;
				TargetAttributes = {
					AD6237CE2A989DB40027BB50 = {
						CreatedOnToolsVersion = 14.3.1;
					};
				};
			};
			buildConfigurationList = AD6237CA2A989DB40027BB50 /* Build configuration list for PBXProject "Show Art" */;
			compatibilityVersion = "Xcode 14.0";
			developmentRegion = en;
			hasScannedForEncodings = 0;
			knownRegions = (
				en,
				Base,
			);
			mainGroup = AD6237C62A989DB40027BB50;
			productRefGroup = AD6237D02A989DB40027BB50 /* Products */;
			projectDirPath = "";
			projectRoot = "";
			targets = (
				AD6237CE2A989DB40027BB50 /* Show Art */,
			);
		};
/* End PBXProject section */

/* Begin PBXResourcesBuildPhase section */
		AD6237CD2A989DB40027BB50 /* Resources */ = {
			isa = PBXResourcesBuildPhase;
			buildActionMask = 2147483647;
			files = (
				AD6237DF2A989DB50027BB50 /* LaunchScreen.storyboard in Resources */,
				AD6237DC2A989DB50027BB50 /* Assets.xcassets in Resources */,
				AD6237DA2A989DB40027BB50 /* Main.storyboard in Resources */,
			);
			runOnlyForDeploymentPostprocessing = 0;
		};
/* End PBXResourcesBuildPhase section */

/* Begin PBXSourcesBuildPhase section */
		AD6237CB2A989DB40027BB50 /* Sources */ = {
			isa = PBXSourcesBuildPhase;
			buildActionMask = 2147483647;
			files = (
				AD6237EB2A989DF70027BB50 /* OnboardingSlideDataManager.swift in Sources */,
				AD6237EC2A989DF70027BB50 /* Colors.swift in Sources */,
				AD6237F92A989E340027BB50 /* SettingsViewController.swift in Sources */,
				AD6237F72A989E340027BB50 /* ViewController.swift in Sources */,
				AD6237E72A989DE40027BB50 /* Onboarding Slide.swift in Sources */,
				AD6237D32A989DB40027BB50 /* AppDelegate.swift in Sources */,
				AD6237EF2A989DFF0027BB50 /* OnboardingCollectionViewCell.swift in Sources */,
				AD6237F82A989E340027BB50 /* OnboardingViewController.swift in Sources */,
				AD6237F22A989E130027BB50 /* UIViewController.swift in Sources */,
				AD6237D52A989DB40027BB50 /* SceneDelegate.swift in Sources */,
			);
			runOnlyForDeploymentPostprocessing = 0;
		};
/* End PBXSourcesBuildPhase section */

/* Begin PBXVariantGroup section */
		AD6237D82A989DB40027BB50 /* Main.storyboard */ = {
			isa = PBXVariantGroup;
			children = (
				AD6237D92A989DB40027BB50 /* Base */,
			);
			name = Main.storyboard;
			sourceTree = "<group>";
		};
		AD6237DD2A989DB50027BB50 /* LaunchScreen.storyboard */ = {
			isa = PBXVariantGroup;
			children = (
				AD6237DE2A989DB50027BB50 /* Base */,
			);
			name = LaunchScreen.storyboard;
			sourceTree = "<group>";
		};
/* End PBXVariantGroup section */

/* Begin XCBuildConfiguration section */
		AD6237E12A989DB50027BB50 /* Debug */ = {
			isa = XCBuildConfiguration;
			buildSettings = {
				ALWAYS_SEARCH_USER_PATHS = NO;
				CLANG_ANALYZER_NONNULL = YES;
				CLANG_ANALYZER_NUMBER_OBJECT_CONVERSION = YES_AGGRESSIVE;
				CLANG_CXX_LANGUAGE_STANDARD = "gnu++20";
				CLANG_ENABLE_MODULES = YES;
				CLANG_ENABLE_OBJC_ARC = YES;
				CLANG_ENABLE_OBJC_WEAK = YES;
				CLANG_WARN_BLOCK_CAPTURE_AUTORELEASING = YES;
				CLANG_WARN_BOOL_CONVERSION = YES;
				CLANG_WARN_COMMA = YES;
				CLANG_WARN_CONSTANT_CONVERSION = YES;
				CLANG_WARN_DEPRECATED_OBJC_IMPLEMENTATIONS = YES;
				CLANG_WARN_DIRECT_OBJC_ISA_USAGE = YES_ERROR;
				CLANG_WARN_DOCUMENTATION_COMMENTS = YES;
				CLANG_WARN_EMPTY_BODY = YES;
				CLANG_WARN_ENUM_CONVERSION = YES;
				CLANG_WARN_INFINITE_RECURSION = YES;
				CLANG_WARN_INT_CONVERSION = YES;
				CLANG_WARN_NON_LITERAL_NULL_CONVERSION = YES;
				CLANG_WARN_OBJC_IMPLICIT_RETAIN_SELF = YES;
				CLANG_WARN_OBJC_LITERAL_CONVERSION = YES;
				CLANG_WARN_OBJC_ROOT_CLASS = YES_ERROR;
				CLANG_WARN_QUOTED_INCLUDE_IN_FRAMEWORK_HEADER = YES;
				CLANG_WARN_RANGE_LOOP_ANALYSIS = YES;
				CLANG_WARN_STRICT_PROTOTYPES = YES;
				CLANG_WARN_SUSPICIOUS_MOVE = YES;
				CLANG_WARN_UNGUARDED_AVAILABILITY = YES_AGGRESSIVE;
				CLANG_WARN_UNREACHABLE_CODE = YES;
				CLANG_WARN__DUPLICATE_METHOD_MATCH = YES;
				COPY_PHASE_STRIP = NO;
				DEBUG_INFORMATION_FORMAT = dwarf;
				ENABLE_STRICT_OBJC_MSGSEND = YES;
				ENABLE_TESTABILITY = YES;
				GCC_C_LANGUAGE_STANDARD = gnu11;
				GCC_DYNAMIC_NO_PIC = NO;
				GCC_NO_COMMON_BLOCKS = YES;
				GCC_OPTIMIZATION_LEVEL = 0;
				GCC_PREPROCESSOR_DEFINITIONS = (
					"DEBUG=1",
					"$(inherited)",
				);
				GCC_WARN_64_TO_32_BIT_CONVERSION = YES;
				GCC_WARN_ABOUT_RETURN_TYPE = YES_ERROR;
				GCC_WARN_UNDECLARED_SELECTOR = YES;
				GCC_WARN_UNINITIALIZED_AUTOS = YES_AGGRESSIVE;
				GCC_WARN_UNUSED_FUNCTION = YES;
				GCC_WARN_UNUSED_VARIABLE = YES;
				IPHONEOS_DEPLOYMENT_TARGET = 16.4;
				MTL_ENABLE_DEBUG_INFO = INCLUDE_SOURCE;
				MTL_FAST_MATH = YES;
				ONLY_ACTIVE_ARCH = YES;
				SDKROOT = iphoneos;
				SWIFT_ACTIVE_COMPILATION_CONDITIONS = DEBUG;
				SWIFT_OPTIMIZATION_LEVEL = "-Onone";
			};
			name = Debug;
		};
		AD6237E22A989DB50027BB50 /* Release */ = {
			isa = XCBuildConfiguration;
			buildSettings = {
				ALWAYS_SEARCH_USER_PATHS = NO;
				CLANG_ANALYZER_NONNULL = YES;
				CLANG_ANALYZER_NUMBER_OBJECT_CONVERSION = YES_AGGRESSIVE;
				CLANG_CXX_LANGUAGE_STANDARD = "gnu++20";
				CLANG_ENABLE_MODULES = YES;
				CLANG_ENABLE_OBJC_ARC = YES;
				CLANG_ENABLE_OBJC_WEAK = YES;
				CLANG_WARN_BLOCK_CAPTURE_AUTORELEASING = YES;
				CLANG_WARN_BOOL_CONVERSION = YES;
				CLANG_WARN_COMMA = YES;
				CLANG_WARN_CONSTANT_CONVERSION = YES;
				CLANG_WARN_DEPRECATED_OBJC_IMPLEMENTATIONS = YES;
				CLANG_WARN_DIRECT_OBJC_ISA_USAGE = YES_ERROR;
				CLANG_WARN_DOCUMENTATION_COMMENTS = YES;
				CLANG_WARN_EMPTY_BODY = YES;
				CLANG_WARN_ENUM_CONVERSION = YES;
				CLANG_WARN_INFINITE_RECURSION = YES;
				CLANG_WARN_INT_CONVERSION = YES;
				CLANG_WARN_NON_LITERAL_NULL_CONVERSION = YES;
				CLANG_WARN_OBJC_IMPLICIT_RETAIN_SELF = YES;
				CLANG_WARN_OBJC_LITERAL_CONVERSION = YES;
				CLANG_WARN_OBJC_ROOT_CLASS = YES_ERROR;
				CLANG_WARN_QUOTED_INCLUDE_IN_FRAMEWORK_HEADER = YES;
				CLANG_WARN_RANGE_LOOP_ANALYSIS = YES;
				CLANG_WARN_STRICT_PROTOTYPES = YES;
				CLANG_WARN_SUSPICIOUS_MOVE = YES;
				CLANG_WARN_UNGUARDED_AVAILABILITY = YES_AGGRESSIVE;
				CLANG_WARN_UNREACHABLE_CODE = YES;
				CLANG_WARN__DUPLICATE_METHOD_MATCH = YES;
				COPY_PHASE_STRIP = NO;
				DEBUG_INFORMATION_FORMAT = "dwarf-with-dsym";
				ENABLE_NS_ASSERTIONS = NO;
				ENABLE_STRICT_OBJC_MSGSEND = YES;
				GCC_C_LANGUAGE_STANDARD = gnu11;
				GCC_NO_COMMON_BLOCKS = YES;
				GCC_WARN_64_TO_32_BIT_CONVERSION = YES;
				GCC_WARN_ABOUT_RETURN_TYPE = YES_ERROR;
				GCC_WARN_UNDECLARED_SELECTOR = YES;
				GCC_WARN_UNINITIALIZED_AUTOS = YES_AGGRESSIVE;
				GCC_WARN_UNUSED_FUNCTION = YES;
				GCC_WARN_UNUSED_VARIABLE = YES;
				IPHONEOS_DEPLOYMENT_TARGET = 16.4;
				MTL_ENABLE_DEBUG_INFO = NO;
				MTL_FAST_MATH = YES;
				SDKROOT = iphoneos;
				SWIFT_COMPILATION_MODE = wholemodule;
				SWIFT_OPTIMIZATION_LEVEL = "-O";
				VALIDATE_PRODUCT = YES;
			};
			name = Release;
		};
		AD6237E42A989DB50027BB50 /* Debug */ = {
			isa = XCBuildConfiguration;
			buildSettings = {
				ASSETCATALOG_COMPILER_APPICON_NAME = AppIcon;
				ASSETCATALOG_COMPILER_GLOBAL_ACCENT_COLOR_NAME = AccentColor;
				CODE_SIGN_STYLE = Automatic;
				CURRENT_PROJECT_VERSION = 1;
				DEVELOPMENT_TEAM = CKY7SLNY4G;
				GENERATE_INFOPLIST_FILE = YES;
				INFOPLIST_FILE = "Show Art/Info.plist";
				INFOPLIST_KEY_LSApplicationCategoryType = "public.app-category.graphics-design";
				INFOPLIST_KEY_UIApplicationSupportsIndirectInputEvents = YES;
				INFOPLIST_KEY_UILaunchStoryboardName = LaunchScreen;
				INFOPLIST_KEY_UIMainStoryboardFile = Main;
				INFOPLIST_KEY_UISupportedInterfaceOrientations_iPad = "UIInterfaceOrientationPortrait UIInterfaceOrientationPortraitUpsideDown UIInterfaceOrientationLandscapeLeft UIInterfaceOrientationLandscapeRight";
				INFOPLIST_KEY_UISupportedInterfaceOrientations_iPhone = "UIInterfaceOrientationPortrait UIInterfaceOrientationLandscapeLeft UIInterfaceOrientationLandscapeRight";
				IPHONEOS_DEPLOYMENT_TARGET = 15.5;
				LD_RUNPATH_SEARCH_PATHS = (
					"$(inherited)",
					"@executable_path/Frameworks",
				);
				MARKETING_VERSION = 1.0;
				PRODUCT_BUNDLE_IDENTIFIER = "lantsov.Show-Art";
				PRODUCT_NAME = "$(TARGET_NAME)";
				SUPPORTED_PLATFORMS = "iphoneos iphonesimulator";
				SUPPORTS_MACCATALYST = NO;
				SUPPORTS_MAC_DESIGNED_FOR_IPHONE_IPAD = NO;
				SWIFT_EMIT_LOC_STRINGS = YES;
				SWIFT_VERSION = 5.0;
				TARGETED_DEVICE_FAMILY = "1,2";
			};
			name = Debug;
		};
		AD6237E52A989DB50027BB50 /* Release */ = {
			isa = XCBuildConfiguration;
			buildSettings = {
				ASSETCATALOG_COMPILER_APPICON_NAME = AppIcon;
				ASSETCATALOG_COMPILER_GLOBAL_ACCENT_COLOR_NAME = AccentColor;
				CODE_SIGN_STYLE = Automatic;
				CURRENT_PROJECT_VERSION = 1;
				DEVELOPMENT_TEAM = CKY7SLNY4G;
				GENERATE_INFOPLIST_FILE = YES;
				INFOPLIST_FILE = "Show Art/Info.plist";
				INFOPLIST_KEY_LSApplicationCategoryType = "public.app-category.graphics-design";
				INFOPLIST_KEY_UIApplicationSupportsIndirectInputEvents = YES;
				INFOPLIST_KEY_UILaunchStoryboardName = LaunchScreen;
				INFOPLIST_KEY_UIMainStoryboardFile = Main;
				INFOPLIST_KEY_UISupportedInterfaceOrientations_iPad = "UIInterfaceOrientationPortrait UIInterfaceOrientationPortraitUpsideDown UIInterfaceOrientationLandscapeLeft UIInterfaceOrientationLandscapeRight";
				INFOPLIST_KEY_UISupportedInterfaceOrientations_iPhone = "UIInterfaceOrientationPortrait UIInterfaceOrientationLandscapeLeft UIInterfaceOrientationLandscapeRight";
				IPHONEOS_DEPLOYMENT_TARGET = 15.5;
				LD_RUNPATH_SEARCH_PATHS = (
					"$(inherited)",
					"@executable_path/Frameworks",
				);
				MARKETING_VERSION = 1.0;
				PRODUCT_BUNDLE_IDENTIFIER = "lantsov.Show-Art";
				PRODUCT_NAME = "$(TARGET_NAME)";
				SUPPORTED_PLATFORMS = "iphoneos iphonesimulator";
				SUPPORTS_MACCATALYST = NO;
				SUPPORTS_MAC_DESIGNED_FOR_IPHONE_IPAD = NO;
				SWIFT_EMIT_LOC_STRINGS = YES;
				SWIFT_VERSION = 5.0;
				TARGETED_DEVICE_FAMILY = "1,2";
			};
			name = Release;
		};
/* End XCBuildConfiguration section */

/* Begin XCConfigurationList section */
		AD6237CA2A989DB40027BB50 /* Build configuration list for PBXProject "Show Art" */ = {
			isa = XCConfigurationList;
			buildConfigurations = (
				AD6237E12A989DB50027BB50 /* Debug */,
				AD6237E22A989DB50027BB50 /* Release */,
			);
			defaultConfigurationIsVisible = 0;
			defaultConfigurationName = Release;
		};
		AD6237E32A989DB50027BB50 /* Build configuration list for PBXNativeTarget "Show Art" */ = {
			isa = XCConfigurationList;
			buildConfigurations = (
				AD6237E42A989DB50027BB50 /* Debug */,
				AD6237E52A989DB50027BB50 /* Release */,
			);
			defaultConfigurationIsVisible = 0;
			defaultConfigurationName = Release;
		};
/* End XCConfigurationList section */
	};
	rootObject = AD6237C72A989DB40027BB50 /* Project object */;
}
